
Microsoft Visual Studio Solution File, Format Version 12.00
Project("{FAE04EC0-301F-11D3-BF4B-00C04F79EFBC}") = "Day1", "Day1\Day1.csproj", "{19BDCE96-7095-4946-A835-A240E6F45E3B}"
EndProject
Project("{2150E333-8FDC-42A3-9474-1A3956D46DE8}") = "1", "1", "{3D374E05-A2E0-4765-A5CB-4F397112FF0A}"
EndProject
Project("{2150E333-8FDC-42A3-9474-1A3956D46DE8}") = "2", "2", "{3D250CD3-6500-405B-AC98-EA1D46E55B3F}"
EndProject
Project("{FAE04EC0-301F-11D3-BF4B-00C04F79EFBC}") = "Day2", "Day2\Day2.csproj", "{19F97931-77BE-4D04-9CE0-CADD244BB7B1}"
EndProject
Project("{2150E333-8FDC-42A3-9474-1A3956D46DE8}") = "3", "3", "{C67C87CA-92F2-4F4D-83E1-0174ABEEC9D6}"
EndProject
Project("{FAE04EC0-301F-11D3-BF4B-00C04F79EFBC}") = "Day3", "Day3\Day3.csproj", "{885A0005-2F99-40BA-9719-3DC9909A5AC1}"
EndProject
Project("{2150E333-8FDC-42A3-9474-1A3956D46DE8}") = "4", "4", "{DE742C5E-22B9-4453-B728-73882B75E2BE}"
EndProject
Project("{FAE04EC0-301F-11D3-BF4B-00C04F79EFBC}") = "Day4", "Day4\Day4.csproj", "{82B9D19F-D235-4AF8-8423-CD4640F3E374}"
EndProject
Project("{2150E333-8FDC-42A3-9474-1A3956D46DE8}") = "5", "5", "{FF3F9444-F9A6-406A-802E-837CC98A1A22}"
EndProject
Project("{FAE04EC0-301F-11D3-BF4B-00C04F79EFBC}") = "Day5", "Day5\Day5.csproj", "{FFD3B88E-E440-4EA5-B450-9FF527BA7A22}"
EndProject
Global
	GlobalSection(SolutionConfigurationPlatforms) = preSolution
		Debug|Any CPU = Debug|Any CPU
		Release|Any CPU = Release|Any CPU
	EndGlobalSection
	GlobalSection(ProjectConfigurationPlatforms) = postSolution
		{19BDCE96-7095-4946-A835-A240E6F45E3B}.Debug|Any CPU.ActiveCfg = Debug|Any CPU
		{19BDCE96-7095-4946-A835-A240E6F45E3B}.Debug|Any CPU.Build.0 = Debug|Any CPU
		{19BDCE96-7095-4946-A835-A240E6F45E3B}.Release|Any CPU.ActiveCfg = Release|Any CPU
		{19BDCE96-7095-4946-A835-A240E6F45E3B}.Release|Any CPU.Build.0 = Release|Any CPU
		{19F97931-77BE-4D04-9CE0-CADD244BB7B1}.Debug|Any CPU.ActiveCfg = Debug|Any CPU
		{19F97931-77BE-4D04-9CE0-CADD244BB7B1}.Debug|Any CPU.Build.0 = Debug|Any CPU
		{19F97931-77BE-4D04-9CE0-CADD244BB7B1}.Release|Any CPU.ActiveCfg = Release|Any CPU
		{19F97931-77BE-4D04-9CE0-CADD244BB7B1}.Release|Any CPU.Build.0 = Release|Any CPU
		{885A0005-2F99-40BA-9719-3DC9909A5AC1}.Debug|Any CPU.ActiveCfg = Debug|Any CPU
		{885A0005-2F99-40BA-9719-3DC9909A5AC1}.Debug|Any CPU.Build.0 = Debug|Any CPU
		{885A0005-2F99-40BA-9719-3DC9909A5AC1}.Release|Any CPU.ActiveCfg = Release|Any CPU
		{885A0005-2F99-40BA-9719-3DC9909A5AC1}.Release|Any CPU.Build.0 = Release|Any CPU
		{82B9D19F-D235-4AF8-8423-CD4640F3E374}.Debug|Any CPU.ActiveCfg = Debug|Any CPU
		{82B9D19F-D235-4AF8-8423-CD4640F3E374}.Debug|Any CPU.Build.0 = Debug|Any CPU
		{82B9D19F-D235-4AF8-8423-CD4640F3E374}.Release|Any CPU.ActiveCfg = Release|Any CPU
		{82B9D19F-D235-4AF8-8423-CD4640F3E374}.Release|Any CPU.Build.0 = Release|Any CPU
		{FFD3B88E-E440-4EA5-B450-9FF527BA7A22}.Debug|Any CPU.ActiveCfg = Debug|Any CPU
		{FFD3B88E-E440-4EA5-B450-9FF527BA7A22}.Debug|Any CPU.Build.0 = Debug|Any CPU
		{FFD3B88E-E440-4EA5-B450-9FF527BA7A22}.Release|Any CPU.ActiveCfg = Release|Any CPU
		{FFD3B88E-E440-4EA5-B450-9FF527BA7A22}.Release|Any CPU.Build.0 = Release|Any CPU
	EndGlobalSection
	GlobalSection(NestedProjects) = preSolution
		{19BDCE96-7095-4946-A835-A240E6F45E3B} = {3D374E05-A2E0-4765-A5CB-4F397112FF0A}
		{19F97931-77BE-4D04-9CE0-CADD244BB7B1} = {3D250CD3-6500-405B-AC98-EA1D46E55B3F}
		{885A0005-2F99-40BA-9719-3DC9909A5AC1} = {C67C87CA-92F2-4F4D-83E1-0174ABEEC9D6}
		{82B9D19F-D235-4AF8-8423-CD4640F3E374} = {DE742C5E-22B9-4453-B728-73882B75E2BE}
		{FFD3B88E-E440-4EA5-B450-9FF527BA7A22} = {FF3F9444-F9A6-406A-802E-837CC98A1A22}
	EndGlobalSection
EndGlobal
